
Microsoft Visual Studio Solution File, Format Version 12.00
# Visual Studio Version 17
VisualStudioVersion = 17.14.36915.13 d17.14
MinimumVisualStudioVersion = 10.0.40219.1
Project("{FAE04EC0-301F-11D3-BF4B-00C04F79EFBC}") = "InventoryManagerDb", "InventoryManagerDb.csproj", "{F76CFADA-ABB7-1CA6-2095-7CA0051835D0}"
EndProject
Global
	GlobalSection(SolutionConfigurationPlatforms) = preSolution
		Debug|Any CPU = Debug|Any CPU
		Release|Any CPU = Release|Any CPU
	EndGlobalSection
	GlobalSection(ProjectConfigurationPlatforms) = postSolution
		{F76CFADA-ABB7-1CA6-2095-7CA0051835D0}.Debug|Any CPU.ActiveCfg = Debug|Any CPU
		{F76CFADA-ABB7-1CA6-2095-7CA0051835D0}.Debug|Any CPU.Build.0 = Debug|Any CPU
		{F76CFADA-ABB7-1CA6-2095-7CA0051835D0}.Release|Any CPU.ActiveCfg = Release|Any CPU
		{F76CFADA-ABB7-1CA6-2095-7CA0051835D0}.Release|Any CPU.Build.0 = Release|Any CPU
	EndGlobalSection
	GlobalSection(SolutionProperties) = preSolution
		HideSolutionNode = FALSE
	EndGlobalSection
	GlobalSection(ExtensibilityGlobals) = postSolution
		SolutionGuid = {09CC2FFE-DE94-452E-B6C8-58E68D27457C}
	EndGlobalSection
EndGlobal
